// !$*UTF8*$!
{
	archiveVersion = 1;
	classes = {
	};
	objectVersion = 46;
	objects = {

/* Begin PBXBuildFile section */
		1CCB19621FB2A276004B290A /* AppDelegate.swift in Sources */ = {isa = PBXBuildFile; fileRef = 1CCB19611FB2A276004B290A /* AppDelegate.swift */; };
		1CCB19641FB2A276004B290A /* ViewController.swift in Sources */ = {isa = PBXBuildFile; fileRef = 1CCB19631FB2A276004B290A /* ViewController.swift */; };
		1CCB19691FB2A276004B290A /* Assets.xcassets in Resources */ = {isa = PBXBuildFile; fileRef = 1CCB19681FB2A276004B290A /* Assets.xcassets */; };
		1CCB196C1FB2A276004B290A /* LaunchScreen.storyboard in Resources */ = {isa = PBXBuildFile; fileRef = 1CCB196A1FB2A276004B290A /* LaunchScreen.storyboard */; };
		1CCB19771FB2A276004B290A /* setEatTests.swift in Sources */ = {isa = PBXBuildFile; fileRef = 1CCB19761FB2A276004B290A /* setEatTests.swift */; };
		1CCB19821FB2A276004B290A /* setEatUITests.swift in Sources */ = {isa = PBXBuildFile; fileRef = 1CCB19811FB2A276004B290A /* setEatUITests.swift */; };
		1CCB19901FB2AD86004B290A /* eatingVC.swift in Sources */ = {isa = PBXBuildFile; fileRef = 1CCB198F1FB2AD86004B290A /* eatingVC.swift */; };
		1CCB19921FB2AEE1004B290A /* theme.swift in Sources */ = {isa = PBXBuildFile; fileRef = 1CCB19911FB2AEE1004B290A /* theme.swift */; };
		1CCB19951FB2F886004B290A /* UILabel+life.swift in Sources */ = {isa = PBXBuildFile; fileRef = 1CCB19941FB2F886004B290A /* UILabel+life.swift */; };
		1CCB19971FB2FBD5004B290A /* UIImageView+life.swift in Sources */ = {isa = PBXBuildFile; fileRef = 1CCB19961FB2FBD5004B290A /* UIImageView+life.swift */; };
		1CCB19991FB2FF0F004B290A /* UIButton+life.swift in Sources */ = {isa = PBXBuildFile; fileRef = 1CCB19981FB2FF0F004B290A /* UIButton+life.swift */; };
/* End PBXBuildFile section */

/* Begin PBXContainerItemProxy section */
		1CCB19731FB2A276004B290A /* PBXContainerItemProxy */ = {
			isa = PBXContainerItemProxy;
			containerPortal = 1CCB19561FB2A276004B290A /* Project object */;
			proxyType = 1;
			remoteGlobalIDString = 1CCB195D1FB2A276004B290A;
			remoteInfo = setEat;
		};
		1CCB197E1FB2A276004B290A /* PBXContainerItemProxy */ = {
			isa = PBXContainerItemProxy;
			containerPortal = 1CCB19561FB2A276004B290A /* Project object */;
			proxyType = 1;
			remoteGlobalIDString = 1CCB195D1FB2A276004B290A;
			remoteInfo = setEat;
		};
/* End PBXContainerItemProxy section */

/* Begin PBXFileReference section */
		1CCB195E1FB2A276004B290A /* setEat.app */ = {isa = PBXFileReference; explicitFileType = wrapper.application; includeInIndex = 0; path = setEat.app; sourceTree = BUILT_PRODUCTS_DIR; };
		1CCB19611FB2A276004B290A /* AppDelegate.swift */ = {isa = PBXFileReference; lastKnownFileType = sourcecode.swift; path = AppDelegate.swift; sourceTree = "<group>"; };
		1CCB19631FB2A276004B290A /* ViewController.swift */ = {isa = PBXFileReference; lastKnownFileType = sourcecode.swift; path = ViewController.swift; sourceTree = "<group>"; };
		1CCB19681FB2A276004B290A /* Assets.xcassets */ = {isa = PBXFileReference; lastKnownFileType = folder.assetcatalog; path = Assets.xcassets; sourceTree = "<group>"; };
		1CCB196B1FB2A276004B290A /* Base */ = {isa = PBXFileReference; lastKnownFileType = file.storyboard; name = Base; path = Base.lproj/LaunchScreen.storyboard; sourceTree = "<group>"; };
		1CCB196D1FB2A276004B290A /* Info.plist */ = {isa = PBXFileReference; lastKnownFileType = text.plist.xml; path = Info.plist; sourceTree = "<group>"; };
		1CCB19721FB2A276004B290A /* setEatTests.xctest */ = {isa = PBXFileReference; explicitFileType = wrapper.cfbundle; includeInIndex = 0; path = setEatTests.xctest; sourceTree = BUILT_PRODUCTS_DIR; };
		1CCB19761FB2A276004B290A /* setEatTests.swift */ = {isa = PBXFileReference; lastKnownFileType = sourcecode.swift; path = setEatTests.swift; sourceTree = "<group>"; };
		1CCB19781FB2A276004B290A /* Info.plist */ = {isa = PBXFileReference; lastKnownFileType = text.plist.xml; path = Info.plist; sourceTree = "<group>"; };
		1CCB197D1FB2A276004B290A /* setEatUITests.xctest */ = {isa = PBXFileReference; explicitFileType = wrapper.cfbundle; includeInIndex = 0; path = setEatUITests.xctest; sourceTree = BUILT_PRODUCTS_DIR; };
		1CCB19811FB2A276004B290A /* setEatUITests.swift */ = {isa = PBXFileReference; lastKnownFileType = sourcecode.swift; path = setEatUITests.swift; sourceTree = "<group>"; };
		1CCB19831FB2A276004B290A /* Info.plist */ = {isa = PBXFileReference; lastKnownFileType = text.plist.xml; path = Info.plist; sourceTree = "<group>"; };
		1CCB198F1FB2AD86004B290A /* eatingVC.swift */ = {isa = PBXFileReference; fileEncoding = 4; lastKnownFileType = sourcecode.swift; path = eatingVC.swift; sourceTree = "<group>"; };
		1CCB19911FB2AEE1004B290A /* theme.swift */ = {isa = PBXFileReference; fileEncoding = 4; lastKnownFileType = sourcecode.swift; path = theme.swift; sourceTree = "<group>"; };
		1CCB19941FB2F886004B290A /* UILabel+life.swift */ = {isa = PBXFileReference; fileEncoding = 4; lastKnownFileType = sourcecode.swift; path = "UILabel+life.swift"; sourceTree = "<group>"; };
		1CCB19961FB2FBD5004B290A /* UIImageView+life.swift */ = {isa = PBXFileReference; fileEncoding = 4; lastKnownFileType = sourcecode.swift; path = "UIImageView+life.swift"; sourceTree = "<group>"; };
		1CCB19981FB2FF0F004B290A /* UIButton+life.swift */ = {isa = PBXFileReference; fileEncoding = 4; lastKnownFileType = sourcecode.swift; path = "UIButton+life.swift"; sourceTree = "<group>"; };
/* End PBXFileReference section */

/* Begin PBXFrameworksBuildPhase section */
		1CCB195B1FB2A276004B290A /* Frameworks */ = {
			isa = PBXFrameworksBuildPhase;
			buildActionMask = 2147483647;
			files = (
			);
			runOnlyForDeploymentPostprocessing = 0;
		};
		1CCB196F1FB2A276004B290A /* Frameworks */ = {
			isa = PBXFrameworksBuildPhase;
			buildActionMask = 2147483647;
			files = (
			);
			runOnlyForDeploymentPostprocessing = 0;
		};
		1CCB197A1FB2A276004B290A /* Frameworks */ = {
			isa = PBXFrameworksBuildPhase;
			buildActionMask = 2147483647;
			files = (
			);
			runOnlyForDeploymentPostprocessing = 0;
		};
/* End PBXFrameworksBuildPhase section */

/* Begin PBXGroup section */
		1CCB19551FB2A276004B290A = {
			isa = PBXGroup;
			children = (
				1CCB19601FB2A276004B290A /* setEat */,
				1CCB19751FB2A276004B290A /* setEatTests */,
				1CCB19801FB2A276004B290A /* setEatUITests */,
				1CCB195F1FB2A276004B290A /* Products */,
			);
			sourceTree = "<group>";
		};
		1CCB195F1FB2A276004B290A /* Products */ = {
			isa = PBXGroup;
			children = (
				1CCB195E1FB2A276004B290A /* setEat.app */,
				1CCB19721FB2A276004B290A /* setEatTests.xctest */,
				1CCB197D1FB2A276004B290A /* setEatUITests.xctest */,
			);
			name = Products;
			sourceTree = "<group>";
		};
		1CCB19601FB2A276004B290A /* setEat */ = {
			isa = PBXGroup;
			children = (
				1CCB19931FB2F842004B290A /* extension */,
				1CCB19611FB2A276004B290A /* AppDelegate.swift */,
				1CCB19631FB2A276004B290A /* ViewController.swift */,
				1CCB19681FB2A276004B290A /* Assets.xcassets */,
				1CCB196A1FB2A276004B290A /* LaunchScreen.storyboard */,
				1CCB196D1FB2A276004B290A /* Info.plist */,
				1CCB198F1FB2AD86004B290A /* eatingVC.swift */,
				1CCB19911FB2AEE1004B290A /* theme.swift */,
			);
			path = setEat;
			sourceTree = "<group>";
		};
		1CCB19751FB2A276004B290A /* setEatTests */ = {
			isa = PBXGroup;
			children = (
				1CCB19761FB2A276004B290A /* setEatTests.swift */,
				1CCB19781FB2A276004B290A /* Info.plist */,
			);
			path = setEatTests;
			sourceTree = "<group>";
		};
		1CCB19801FB2A276004B290A /* setEatUITests */ = {
			isa = PBXGroup;
			children = (
				1CCB19811FB2A276004B290A /* setEatUITests.swift */,
				1CCB19831FB2A276004B290A /* Info.plist */,
			);
			path = setEatUITests;
			sourceTree = "<group>";
		};
		1CCB19931FB2F842004B290A /* extension */ = {
			isa = PBXGroup;
			children = (
				1CCB19941FB2F886004B290A /* UILabel+life.swift */,
				1CCB19961FB2FBD5004B290A /* UIImageView+life.swift */,
				1CCB19981FB2FF0F004B290A /* UIButton+life.swift */,
			);
			name = extension;
			sourceTree = "<group>";
		};
/* End PBXGroup section */

/* Begin PBXNativeTarget section */
		1CCB195D1FB2A276004B290A /* setEat */ = {
			isa = PBXNativeTarget;
			buildConfigurationList = 1CCB19861FB2A276004B290A /* Build configuration list for PBXNativeTarget "setEat" */;
			buildPhases = (
				1CCB195A1FB2A276004B290A /* Sources */,
				1CCB195B1FB2A276004B290A /* Frameworks */,
				1CCB195C1FB2A276004B290A /* Resources */,
			);
			buildRules = (
			);
			dependencies = (
			);
			name = setEat;
			productName = setEat;
			productReference = 1CCB195E1FB2A276004B290A /* setEat.app */;
			productType = "com.apple.product-type.application";
		};
		1CCB19711FB2A276004B290A /* setEatTests */ = {
			isa = PBXNativeTarget;
			buildConfigurationList = 1CCB19891FB2A276004B290A /* Build configuration list for PBXNativeTarget "setEatTests" */;
			buildPhases = (
				1CCB196E1FB2A276004B290A /* Sources */,
				1CCB196F1FB2A276004B290A /* Frameworks */,
				1CCB19701FB2A276004B290A /* Resources */,
			);
			buildRules = (
			);
			dependencies = (
				1CCB19741FB2A276004B290A /* PBXTargetDependency */,
			);
			name = setEatTests;
			productName = setEatTests;
			productReference = 1CCB19721FB2A276004B290A /* setEatTests.xctest */;
			productType = "com.apple.product-type.bundle.unit-test";
		};
		1CCB197C1FB2A276004B290A /* setEatUITests */ = {
			isa = PBXNativeTarget;
			buildConfigurationList = 1CCB198C1FB2A276004B290A /* Build configuration list for PBXNativeTarget "setEatUITests" */;
			buildPhases = (
				1CCB19791FB2A276004B290A /* Sources */,
				1CCB197A1FB2A276004B290A /* Frameworks */,
				1CCB197B1FB2A276004B290A /* Resources */,
			);
			buildRules = (
			);
			dependencies = (
				1CCB197F1FB2A276004B290A /* PBXTargetDependency */,
			);
			name = setEatUITests;
			productName = setEatUITests;
			productReference = 1CCB197D1FB2A276004B290A /* setEatUITests.xctest */;
			productType = "com.apple.product-type.bundle.ui-testing";
		};
/* End PBXNativeTarget section */

/* Begin PBXProject section */
		1CCB19561FB2A276004B290A /* Project object */ = {
			isa = PBXProject;
			attributes = {
				LastSwiftUpdateCheck = 0820;
				LastUpgradeCheck = 0820;
				ORGANIZATIONNAME = TT;
				TargetAttributes = {
					1CCB195D1FB2A276004B290A = {
						CreatedOnToolsVersion = 8.2.1;
						ProvisioningStyle = Automatic;
					};
					1CCB19711FB2A276004B290A = {
						CreatedOnToolsVersion = 8.2.1;
						ProvisioningStyle = Automatic;
						TestTargetID = 1CCB195D1FB2A276004B290A;
					};
					1CCB197C1FB2A276004B290A = {
						CreatedOnToolsVersion = 8.2.1;
						ProvisioningStyle = Automatic;
						TestTargetID = 1CCB195D1FB2A276004B290A;
					};
				};
			};
			buildConfigurationList = 1CCB19591FB2A276004B290A /* Build configuration list for PBXProject "setEat" */;
			compatibilityVersion = "Xcode 3.2";
			developmentRegion = English;
			hasScannedForEncodings = 0;
			knownRegions = (
				en,
				Base,
			);
			mainGroup = 1CCB19551FB2A276004B290A;
			productRefGroup = 1CCB195F1FB2A276004B290A /* Products */;
			projectDirPath = "";
			projectRoot = "";
			targets = (
				1CCB195D1FB2A276004B290A /* setEat */,
				1CCB19711FB2A276004B290A /* setEatTests */,
				1CCB197C1FB2A276004B290A /* setEatUITests */,
			);
		};
/* End PBXProject section */

/* Begin PBXResourcesBuildPhase section */
		1CCB195C1FB2A276004B290A /* Resources */ = {
			isa = PBXResourcesBuildPhase;
			buildActionMask = 2147483647;
			files = (
				1CCB196C1FB2A276004B290A /* LaunchScreen.storyboard in Resources */,
				1CCB19691FB2A276004B290A /* Assets.xcassets in Resources */,
			);
			runOnlyForDeploymentPostprocessing = 0;
		};
		1CCB19701FB2A276004B290A /* Resources */ = {
			isa = PBXResourcesBuildPhase;
			buildActionMask = 2147483647;
			files = (
			);
			runOnlyForDeploymentPostprocessing = 0;
		};
		1CCB197B1FB2A276004B290A /* Resources */ = {
			isa = PBXResourcesBuildPhase;
			buildActionMask = 2147483647;
			files = (
			);
			runOnlyForDeploymentPostprocessing = 0;
		};
/* End PBXResourcesBuildPhase section */

/* Begin PBXSourcesBuildPhase section */
		1CCB195A1FB2A276004B290A /* Sources */ = {
			isa = PBXSourcesBuildPhase;
			buildActionMask = 2147483647;
			files = (
				1CCB19641FB2A276004B290A /* ViewController.swift in Sources */,
				1CCB19951FB2F886004B290A /* UILabel+life.swift in Sources */,
				1CCB19921FB2AEE1004B290A /* theme.swift in Sources */,
				1CCB19901FB2AD86004B290A /* eatingVC.swift in Sources */,
				1CCB19991FB2FF0F004B290A /* UIButton+life.swift in Sources */,
				1CCB19971FB2FBD5004B290A /* UIImageView+life.swift in Sources */,
				1CCB19621FB2A276004B290A /* AppDelegate.swift in Sources */,
			);
			runOnlyForDeploymentPostprocessing = 0;
		};
		1CCB196E1FB2A276004B290A /* Sources */ = {
			isa = PBXSourcesBuildPhase;
			buildActionMask = 2147483647;
			files = (
				1CCB19771FB2A276004B290A /* setEatTests.swift in Sources */,
			);
			runOnlyForDeploymentPostprocessing = 0;
		};
		1CCB19791FB2A276004B290A /* Sources */ = {
			isa = PBXSourcesBuildPhase;
			buildActionMask = 2147483647;
			files = (
				1CCB19821FB2A276004B290A /* setEatUITests.swift in Sources */,
			);
			runOnlyForDeploymentPostprocessing = 0;
		};
/* End PBXSourcesBuildPhase section */

/* Begin PBXTargetDependency section */
		1CCB19741FB2A276004B290A /* PBXTargetDependency */ = {
			isa = PBXTargetDependency;
			target = 1CCB195D1FB2A276004B290A /* setEat */;
			targetProxy = 1CCB19731FB2A276004B290A /* PBXContainerItemProxy */;
		};
		1CCB197F1FB2A276004B290A /* PBXTargetDependency */ = {
			isa = PBXTargetDependency;
			target = 1CCB195D1FB2A276004B290A /* setEat */;
			targetProxy = 1CCB197E1FB2A276004B290A /* PBXContainerItemProxy */;
		};
/* End PBXTargetDependency section */

/* Begin PBXVariantGroup section */
		1CCB196A1FB2A276004B290A /* LaunchScreen.storyboard */ = {
			isa = PBXVariantGroup;
			children = (
				1CCB196B1FB2A276004B290A /* Base */,
			);
			name = LaunchScreen.storyboard;
			sourceTree = "<group>";
		};
/* End PBXVariantGroup section */

/* Begin XCBuildConfiguration section */
		1CCB19841FB2A276004B290A /* Debug */ = {
			isa = XCBuildConfiguration;
			buildSettings = {
				ALWAYS_SEARCH_USER_PATHS = NO;
				CLANG_ANALYZER_NONNULL = YES;
				CLANG_CXX_LANGUAGE_STANDARD = "gnu++0x";
				CLANG_CXX_LIBRARY = "libc++";
				CLANG_ENABLE_MODULES = YES;
				CLANG_ENABLE_OBJC_ARC = YES;
				CLANG_WARN_BOOL_CONVERSION = YES;
				CLANG_WARN_CONSTANT_CONVERSION = YES;
				CLANG_WARN_DIRECT_OBJC_ISA_USAGE = YES_ERROR;
				CLANG_WARN_DOCUMENTATION_COMMENTS = YES;
				CLANG_WARN_EMPTY_BODY = YES;
				CLANG_WARN_ENUM_CONVERSION = YES;
				CLANG_WARN_INFINITE_RECURSION = YES;
				CLANG_WARN_INT_CONVERSION = YES;
				CLANG_WARN_OBJC_ROOT_CLASS = YES_ERROR;
				CLANG_WARN_SUSPICIOUS_MOVE = YES;
				CLANG_WARN_UNREACHABLE_CODE = YES;
				CLANG_WARN__DUPLICATE_METHOD_MATCH = YES;
				"CODE_SIGN_IDENTITY[sdk=iphoneos*]" = "iPhone Developer";
				COPY_PHASE_STRIP = NO;
				DEBUG_INFORMATION_FORMAT = dwarf;
				ENABLE_STRICT_OBJC_MSGSEND = YES;
				ENABLE_TESTABILITY = YES;
				GCC_C_LANGUAGE_STANDARD = gnu99;
				GCC_DYNAMIC_NO_PIC = NO;
				GCC_NO_COMMON_BLOCKS = YES;
				GCC_OPTIMIZATION_LEVEL = 0;
				GCC_PREPROCESSOR_DEFINITIONS = (
					"DEBUG=1",
					"$(inherited)",
				);
				GCC_WARN_64_TO_32_BIT_CONVERSION = YES;
				GCC_WARN_ABOUT_RETURN_TYPE = YES_ERROR;
				GCC_WARN_UNDECLARED_SELECTOR = YES;
				GCC_WARN_UNINITIALIZED_AUTOS = YES_AGGRESSIVE;
				GCC_WARN_UNUSED_FUNCTION = YES;
				GCC_WARN_UNUSED_VARIABLE = YES;
				IPHONEOS_DEPLOYMENT_TARGET = 10.2;
				MTL_ENABLE_DEBUG_INFO = YES;
				ONLY_ACTIVE_ARCH = YES;
				SDKROOT = iphoneos;
				SWIFT_ACTIVE_COMPILATION_CONDITIONS = DEBUG;
				SWIFT_OPTIMIZATION_LEVEL = "-Onone";
			};
			name = Debug;
		};
		1CCB19851FB2A276004B290A /* Release */ = {
			isa = XCBuildConfiguration;
			buildSettings = {
				ALWAYS_SEARCH_USER_PATHS = NO;
				CLANG_ANALYZER_NONNULL = YES;
				CLANG_CXX_LANGUAGE_STANDARD = "gnu++0x";
				CLANG_CXX_LIBRARY = "libc++";
				CLANG_ENABLE_MODULES = YES;
				CLANG_ENABLE_OBJC_ARC = YES;
				CLANG_WARN_BOOL_CONVERSION = YES;
				CLANG_WARN_CONSTANT_CONVERSION = YES;
				CLANG_WARN_DIRECT_OBJC_ISA_USAGE = YES_ERROR;
				CLANG_WARN_DOCUMENTATION_COMMENTS = YES;
				CLANG_WARN_EMPTY_BODY = YES;
				CLANG_WARN_ENUM_CONVERSION = YES;
				CLANG_WARN_INFINITE_RECURSION = YES;
				CLANG_WARN_INT_CONVERSION = YES;
				CLANG_WARN_OBJC_ROOT_CLASS = YES_ERROR;
				CLANG_WARN_SUSPICIOUS_MOVE = YES;
				CLANG_WARN_UNREACHABLE_CODE = YES;
				CLANG_WARN__DUPLICATE_METHOD_MATCH = YES;
				"CODE_SIGN_IDENTITY[sdk=iphoneos*]" = "iPhone Developer";
				COPY_PHASE_STRIP = NO;
				DEBUG_INFORMATION_FORMAT = "dwarf-with-dsym";
				ENABLE_NS_ASSERTIONS = NO;
				ENABLE_STRICT_OBJC_MSGSEND = YES;
				GCC_C_LANGUAGE_STANDARD = gnu99;
				GCC_NO_COMMON_BLOCKS = YES;
				GCC_WARN_64_TO_32_BIT_CONVERSION = YES;
				GCC_WARN_ABOUT_RETURN_TYPE = YES_ERROR;
				GCC_WARN_UNDECLARED_SELECTOR = YES;
				GCC_WARN_UNINITIALIZED_AUTOS = YES_AGGRESSIVE;
				GCC_WARN_UNUSED_FUNCTION = YES;
				GCC_WARN_UNUSED_VARIABLE = YES;
				IPHONEOS_DEPLOYMENT_TARGET = 10.2;
				MTL_ENABLE_DEBUG_INFO = NO;
				SDKROOT = iphoneos;
				SWIFT_OPTIMIZATION_LEVEL = "-Owholemodule";
				VALIDATE_PRODUCT = YES;
			};
			name = Release;
		};
		1CCB19871FB2A276004B290A /* Debug */ = {
			isa = XCBuildConfiguration;
			buildSettings = {
				ASSETCATALOG_COMPILER_APPICON_NAME = AppIcon;
				INFOPLIST_FILE = setEat/Info.plist;
				LD_RUNPATH_SEARCH_PATHS = "$(inherited) @executable_path/Frameworks";
				PRODUCT_BUNDLE_IDENTIFIER = org.yes.setEat;
				PRODUCT_NAME = "$(TARGET_NAME)";
				SWIFT_VERSION = 3.0;
			};
			name = Debug;
		};
		1CCB19881FB2A276004B290A /* Release */ = {
			isa = XCBuildConfiguration;
			buildSettings = {
				ASSETCATALOG_COMPILER_APPICON_NAME = AppIcon;
				INFOPLIST_FILE = setEat/Info.plist;
				LD_RUNPATH_SEARCH_PATHS = "$(inherited) @executable_path/Frameworks";
				PRODUCT_BUNDLE_IDENTIFIER = org.yes.setEat;
				PRODUCT_NAME = "$(TARGET_NAME)";
				SWIFT_VERSION = 3.0;
			};
			name = Release;
		};
		1CCB198A1FB2A276004B290A /* Debug */ = {
			isa = XCBuildConfiguration;
			buildSettings = {
				ALWAYS_EMBED_SWIFT_STANDARD_LIBRARIES = YES;
				BUNDLE_LOADER = "$(TEST_HOST)";
				INFOPLIST_FILE = setEatTests/Info.plist;
				LD_RUNPATH_SEARCH_PATHS = "$(inherited) @executable_path/Frameworks @loader_path/Frameworks";
				PRODUCT_BUNDLE_IDENTIFIER = org.yes.setEatTests;
				PRODUCT_NAME = "$(TARGET_NAME)";
				SWIFT_VERSION = 3.0;
				TEST_HOST = "$(BUILT_PRODUCTS_DIR)/setEat.app/setEat";
			};
			name = Debug;
		};
		1CCB198B1FB2A276004B290A /* Release */ = {
			isa = XCBuildConfiguration;
			buildSettings = {
				ALWAYS_EMBED_SWIFT_STANDARD_LIBRARIES = YES;
				BUNDLE_LOADER = "$(TEST_HOST)";
				INFOPLIST_FILE = setEatTests/Info.plist;
				LD_RUNPATH_SEARCH_PATHS = "$(inherited) @executable_path/Frameworks @loader_path/Frameworks";
				PRODUCT_BUNDLE_IDENTIFIER = org.yes.setEatTests;
				PRODUCT_NAME = "$(TARGET_NAME)";
				SWIFT_VERSION = 3.0;
				TEST_HOST = "$(BUILT_PRODUCTS_DIR)/setEat.app/setEat";
			};
			name = Release;
		};
		1CCB198D1FB2A276004B290A /* Debug */ = {
			isa = XCBuildConfiguration;
			buildSettings = {
				ALWAYS_EMBED_SWIFT_STANDARD_LIBRARIES = YES;
				INFOPLIST_FILE = setEatUITests/Info.plist;
				LD_RUNPATH_SEARCH_PATHS = "$(inherited) @executable_path/Frameworks @loader_path/Frameworks";
				PRODUCT_BUNDLE_IDENTIFIER = org.yes.setEatUITests;
				PRODUCT_NAME = "$(TARGET_NAME)";
				SWIFT_VERSION = 3.0;
				TEST_TARGET_NAME = setEat;
			};
			name = Debug;
		};
		1CCB198E1FB2A276004B290A /* Release */ = {
			isa = XCBuildConfiguration;
			buildSettings = {
				ALWAYS_EMBED_SWIFT_STANDARD_LIBRARIES = YES;
				INFOPLIST_FILE = setEatUITests/Info.plist;
				LD_RUNPATH_SEARCH_PATHS = "$(inherited) @executable_path/Frameworks @loader_path/Frameworks";
				PRODUCT_BUNDLE_IDENTIFIER = org.yes.setEatUITests;
				PRODUCT_NAME = "$(TARGET_NAME)";
				SWIFT_VERSION = 3.0;
				TEST_TARGET_NAME = setEat;
			};
			name = Release;
		};
/* End XCBuildConfiguration section */

/* Begin XCConfigurationList section */
		1CCB19591FB2A276004B290A /* Build configuration list for PBXProject "setEat" */ = {
			isa = XCConfigurationList;
			buildConfigurations = (
				1CCB19841FB2A276004B290A /* Debug */,
				1CCB19851FB2A276004B290A /* Release */,
			);
			defaultConfigurationIsVisible = 0;
			defaultConfigurationName = Release;
		};
		1CCB19861FB2A276004B290A /* Build configuration list for PBXNativeTarget "setEat" */ = {
			isa = XCConfigurationList;
			buildConfigurations = (
				1CCB19871FB2A276004B290A /* Debug */,
				1CCB19881FB2A276004B290A /* Release */,
			);
			defaultConfigurationIsVisible = 0;
			defaultConfigurationName = Release;
		};
		1CCB19891FB2A276004B290A /* Build configuration list for PBXNativeTarget "setEatTests" */ = {
			isa = XCConfigurationList;
			buildConfigurations = (
				1CCB198A1FB2A276004B290A /* Debug */,
				1CCB198B1FB2A276004B290A /* Release */,
			);
			defaultConfigurationIsVisible = 0;
			defaultConfigurationName = Release;
		};
		1CCB198C1FB2A276004B290A /* Build configuration list for PBXNativeTarget "setEatUITests" */ = {
			isa = XCConfigurationList;
			buildConfigurations = (
				1CCB198D1FB2A276004B290A /* Debug */,
				1CCB198E1FB2A276004B290A /* Release */,
			);
			defaultConfigurationIsVisible = 0;
			defaultConfigurationName = Release;
		};
/* End XCConfigurationList section */
	};
	rootObject = 1CCB19561FB2A276004B290A /* Project object */;
}
